
Microsoft Visual Studio Solution File, Format Version 12.00
# Visual Studio Version 17
VisualStudioVersion = 17.7.34018.315
MinimumVisualStudioVersion = 10.0.40219.1
Project("{8BC9CEB8-8B4A-11D0-8D11-00A0C91BC942}") = "libJSBSim", "build\JSBSim\src\libJSBSim.vcxproj", "{657D797B-2CF3-3481-974A-4880B98FB038}"
EndProject
Project("{FAE04EC0-301F-11D3-BF4B-00C04F79EFBC}") = "Symon", "Symon\Symon.csproj", "{100503D3-3533-43D4-A9FC-5E44049E4652}"
EndProject
Project("{8BC9CEB8-8B4A-11D0-8D11-00A0C91BC942}") = "TestPlane", "TestPlane\TestPlane.vcxproj", "{EDAC8B61-46EB-46FC-BE16-F46DC5640696}"
EndProject
Project("{8BC9CEB8-8B4A-11D0-8D11-00A0C91BC942}") = "acEFM", "flyt-EFM-dcsJSBSim\flyt-EFM-dcsJSBSim.vcxproj", "{30A7F19A-ED9B-4E78-99E7-C40FB579973A}"
EndProject
Project("{8BC9CEB8-8B4A-11D0-8D11-00A0C91BC942}") = "ZERO_CHECK", "build\JSBSim\ZERO_CHECK.vcxproj", "{4FA213E3-39FE-35E9-BD13-6A83EB148282}"
EndProject
Project("{8BC9CEB8-8B4A-11D0-8D11-00A0C91BC942}") = "Atmosphere", "build\JSBSim\src\models\atmosphere\Atmosphere.vcxproj", "{AAC7E8A6-7892-3098-8B98-F91FF671E802}"
EndProject
Project("{8BC9CEB8-8B4A-11D0-8D11-00A0C91BC942}") = "FlightControl", "build\JSBSim\src\models\flight_control\FlightControl.vcxproj", "{78A4E9E4-7C75-3D6F-AEFB-69B90DFC6803}"
EndProject
Project("{8BC9CEB8-8B4A-11D0-8D11-00A0C91BC942}") = "GeographicLib", "build\JSBSim\src\GeographicLib\GeographicLib.vcxproj", "{E9753183-371B-33C7-8062-855C58E3D73B}"
EndProject
Project("{8BC9CEB8-8B4A-11D0-8D11-00A0C91BC942}") = "IOStreams", "build\JSBSim\src\simgear\io\iostreams\IOStreams.vcxproj", "{A2357AC1-2917-3366-9206-F95200281ED5}"
EndProject
Project("{8BC9CEB8-8B4A-11D0-8D11-00A0C91BC942}") = "Init", "build\JSBSim\src\initialization\Init.vcxproj", "{E9F4631E-97DC-3E77-AAF1-B4F681BFA53E}"
EndProject
Project("{8BC9CEB8-8B4A-11D0-8D11-00A0C91BC942}") = "InputOutput", "build\JSBSim\src\input_output\InputOutput.vcxproj", "{E141C9DB-5DE2-3AA5-9BB8-6A0B3071B642}"
EndProject
Project("{8BC9CEB8-8B4A-11D0-8D11-00A0C91BC942}") = "Magvar", "build\JSBSim\src\simgear\magvar\Magvar.vcxproj", "{A943DF7B-16A6-36CB-8457-0257D009E3D6}"
EndProject
Project("{8BC9CEB8-8B4A-11D0-8D11-00A0C91BC942}") = "Math", "build\JSBSim\src\math\Math.vcxproj", "{3B9114FB-3F8D-3D79-8A78-843C1DCD5194}"
EndProject
Project("{8BC9CEB8-8B4A-11D0-8D11-00A0C91BC942}") = "Misc", "build\JSBSim\src\simgear\misc\Misc.vcxproj", "{0BD4EDE5-1303-3712-93DE-E28E5AED70BB}"
EndProject
Project("{8BC9CEB8-8B4A-11D0-8D11-00A0C91BC942}") = "Models", "build\JSBSim\src\models\Models.vcxproj", "{93670A9E-EBFB-34FE-82F4-3E554871D47A}"
EndProject
Project("{8BC9CEB8-8B4A-11D0-8D11-00A0C91BC942}") = "Properties", "build\JSBSim\src\simgear\props\Properties.vcxproj", "{0D9DB49D-89F4-3953-A40B-FB24F16CA198}"
EndProject
Project("{8BC9CEB8-8B4A-11D0-8D11-00A0C91BC942}") = "Propulsion", "build\JSBSim\src\models\propulsion\Propulsion.vcxproj", "{91BC429A-C96C-38BA-9442-10F3AFB10B63}"
EndProject
Project("{8BC9CEB8-8B4A-11D0-8D11-00A0C91BC942}") = "Xml", "build\JSBSim\src\simgear\xml\Xml.vcxproj", "{A94A660B-39EA-3DC8-A78D-CB722679F99E}"
EndProject
Project("{2150E333-8FDC-42A3-9474-1A3956D46DE8}") = "JSBSim libs", "JSBSim libs", "{9A1B2C3D-4E5F-4A6B-8C7D-000000000099}"
EndProject
Global
	GlobalSection(SolutionConfigurationPlatforms) = preSolution
		Debug|Any CPU = Debug|Any CPU
		Debug|Itanium = Debug|Itanium
		Debug|x64 = Debug|x64
		Debug|x86 = Debug|x86
		JSBSim64|Any CPU = JSBSim64|Any CPU
		JSBSim64|Itanium = JSBSim64|Itanium
		JSBSim64|x64 = JSBSim64|x64
		JSBSim64|x86 = JSBSim64|x86
		JSBSimRelease|Any CPU = JSBSimRelease|Any CPU
		JSBSimRelease|Itanium = JSBSimRelease|Itanium
		JSBSimRelease|x64 = JSBSimRelease|x64
		JSBSimRelease|x86 = JSBSimRelease|x86
		Release|Any CPU = Release|Any CPU
		Release|Itanium = Release|Itanium
		Release|x64 = Release|x64
		Release|x86 = Release|x86
	EndGlobalSection
	GlobalSection(ProjectConfigurationPlatforms) = postSolution
		{657D797B-2CF3-3481-974A-4880B98FB038}.Debug|Any CPU.ActiveCfg = Debug|x64
		{657D797B-2CF3-3481-974A-4880B98FB038}.Debug|Itanium.ActiveCfg = Debug|x64
		{657D797B-2CF3-3481-974A-4880B98FB038}.Debug|x64.ActiveCfg = Debug|x64
		{657D797B-2CF3-3481-974A-4880B98FB038}.Debug|x64.Build.0 = Debug|x64
		{657D797B-2CF3-3481-974A-4880B98FB038}.Debug|x86.ActiveCfg = Debug|x64
		{657D797B-2CF3-3481-974A-4880B98FB038}.JSBSim64|Any CPU.ActiveCfg = Release|x64
		{657D797B-2CF3-3481-974A-4880B98FB038}.JSBSim64|Itanium.ActiveCfg = Release|x64
		{657D797B-2CF3-3481-974A-4880B98FB038}.JSBSim64|x64.ActiveCfg = Release|x64
		{657D797B-2CF3-3481-974A-4880B98FB038}.JSBSim64|x64.Build.0 = Release|x64
		{657D797B-2CF3-3481-974A-4880B98FB038}.JSBSim64|x86.ActiveCfg = Release|x64
		{657D797B-2CF3-3481-974A-4880B98FB038}.JSBSimRelease|Any CPU.ActiveCfg = Release|x64
		{657D797B-2CF3-3481-974A-4880B98FB038}.JSBSimRelease|Itanium.ActiveCfg = Release|x64
		{657D797B-2CF3-3481-974A-4880B98FB038}.JSBSimRelease|x64.ActiveCfg = Release|x64
		{657D797B-2CF3-3481-974A-4880B98FB038}.JSBSimRelease|x64.Build.0 = Release|x64
		{657D797B-2CF3-3481-974A-4880B98FB038}.JSBSimRelease|x86.ActiveCfg = Release|x64
		{657D797B-2CF3-3481-974A-4880B98FB038}.Release|Any CPU.ActiveCfg = Release|x64
		{657D797B-2CF3-3481-974A-4880B98FB038}.Release|Itanium.ActiveCfg = Release|x64
		{657D797B-2CF3-3481-974A-4880B98FB038}.Release|x64.ActiveCfg = Release|x64
		{657D797B-2CF3-3481-974A-4880B98FB038}.Release|x64.Build.0 = Release|x64
		{657D797B-2CF3-3481-974A-4880B98FB038}.Release|x86.ActiveCfg = Release|x64
		{100503D3-3533-43D4-A9FC-5E44049E4652}.Debug|Any CPU.ActiveCfg = Debug|Any CPU
		{100503D3-3533-43D4-A9FC-5E44049E4652}.Debug|Any CPU.Build.0 = Debug|Any CPU
		{100503D3-3533-43D4-A9FC-5E44049E4652}.Debug|Itanium.ActiveCfg = Debug|Any CPU
		{100503D3-3533-43D4-A9FC-5E44049E4652}.Debug|Itanium.Build.0 = Debug|Any CPU
		{100503D3-3533-43D4-A9FC-5E44049E4652}.Debug|x64.ActiveCfg = Debug|Any CPU
		{100503D3-3533-43D4-A9FC-5E44049E4652}.Debug|x64.Build.0 = Debug|Any CPU
		{100503D3-3533-43D4-A9FC-5E44049E4652}.Debug|x86.ActiveCfg = Debug|Any CPU
		{100503D3-3533-43D4-A9FC-5E44049E4652}.Debug|x86.Build.0 = Debug|Any CPU
		{100503D3-3533-43D4-A9FC-5E44049E4652}.JSBSim64|Any CPU.ActiveCfg = Release|Any CPU
		{100503D3-3533-43D4-A9FC-5E44049E4652}.JSBSim64|Any CPU.Build.0 = Release|Any CPU
		{100503D3-3533-43D4-A9FC-5E44049E4652}.JSBSim64|Itanium.ActiveCfg = Release|Any CPU
		{100503D3-3533-43D4-A9FC-5E44049E4652}.JSBSim64|Itanium.Build.0 = Release|Any CPU
		{100503D3-3533-43D4-A9FC-5E44049E4652}.JSBSim64|x64.ActiveCfg = Release|Any CPU
		{100503D3-3533-43D4-A9FC-5E44049E4652}.JSBSim64|x64.Build.0 = Release|Any CPU
		{100503D3-3533-43D4-A9FC-5E44049E4652}.JSBSim64|x86.ActiveCfg = Release|Any CPU
		{100503D3-3533-43D4-A9FC-5E44049E4652}.JSBSim64|x86.Build.0 = Release|Any CPU
		{100503D3-3533-43D4-A9FC-5E44049E4652}.JSBSimRelease|Any CPU.ActiveCfg = JSBSimRelease|Any CPU
		{100503D3-3533-43D4-A9FC-5E44049E4652}.JSBSimRelease|Any CPU.Build.0 = JSBSimRelease|Any CPU
		{100503D3-3533-43D4-A9FC-5E44049E4652}.JSBSimRelease|Itanium.ActiveCfg = JSBSimRelease|Any CPU
		{100503D3-3533-43D4-A9FC-5E44049E4652}.JSBSimRelease|Itanium.Build.0 = JSBSimRelease|Any CPU
		{100503D3-3533-43D4-A9FC-5E44049E4652}.JSBSimRelease|x64.ActiveCfg = JSBSimRelease|Any CPU
		{100503D3-3533-43D4-A9FC-5E44049E4652}.JSBSimRelease|x64.Build.0 = JSBSimRelease|Any CPU
		{100503D3-3533-43D4-A9FC-5E44049E4652}.JSBSimRelease|x86.ActiveCfg = JSBSimRelease|Any CPU
		{100503D3-3533-43D4-A9FC-5E44049E4652}.JSBSimRelease|x86.Build.0 = JSBSimRelease|Any CPU
		{100503D3-3533-43D4-A9FC-5E44049E4652}.Release|Any CPU.ActiveCfg = Release|Any CPU
		{100503D3-3533-43D4-A9FC-5E44049E4652}.Release|Any CPU.Build.0 = Release|Any CPU
		{100503D3-3533-43D4-A9FC-5E44049E4652}.Release|Itanium.ActiveCfg = Release|Any CPU
		{100503D3-3533-43D4-A9FC-5E44049E4652}.Release|Itanium.Build.0 = Release|Any CPU
		{100503D3-3533-43D4-A9FC-5E44049E4652}.Release|x64.ActiveCfg = Release|Any CPU
		{100503D3-3533-43D4-A9FC-5E44049E4652}.Release|x64.Build.0 = Release|Any CPU
		{100503D3-3533-43D4-A9FC-5E44049E4652}.Release|x86.ActiveCfg = Release|Any CPU
		{100503D3-3533-43D4-A9FC-5E44049E4652}.Release|x86.Build.0 = Release|Any CPU
		{EDAC8B61-46EB-46FC-BE16-F46DC5640696}.Debug|Any CPU.ActiveCfg = Debug|Win32
		{EDAC8B61-46EB-46FC-BE16-F46DC5640696}.Debug|Itanium.ActiveCfg = Debug|Win32
		{EDAC8B61-46EB-46FC-BE16-F46DC5640696}.Debug|x64.ActiveCfg = Debug|x64
		{EDAC8B61-46EB-46FC-BE16-F46DC5640696}.Debug|x64.Build.0 = Debug|x64
		{EDAC8B61-46EB-46FC-BE16-F46DC5640696}.Debug|x86.ActiveCfg = Debug|Win32
		{EDAC8B61-46EB-46FC-BE16-F46DC5640696}.Debug|x86.Build.0 = Debug|Win32
		{EDAC8B61-46EB-46FC-BE16-F46DC5640696}.JSBSim64|Any CPU.ActiveCfg = Release|x64
		{EDAC8B61-46EB-46FC-BE16-F46DC5640696}.JSBSim64|Any CPU.Build.0 = Release|x64
		{EDAC8B61-46EB-46FC-BE16-F46DC5640696}.JSBSim64|Itanium.ActiveCfg = Release|x64
		{EDAC8B61-46EB-46FC-BE16-F46DC5640696}.JSBSim64|Itanium.Build.0 = Release|x64
		{EDAC8B61-46EB-46FC-BE16-F46DC5640696}.JSBSim64|x64.ActiveCfg = Release|x64
		{EDAC8B61-46EB-46FC-BE16-F46DC5640696}.JSBSim64|x64.Build.0 = Release|x64
		{EDAC8B61-46EB-46FC-BE16-F46DC5640696}.JSBSim64|x86.ActiveCfg = Release|Win32
		{EDAC8B61-46EB-46FC-BE16-F46DC5640696}.JSBSim64|x86.Build.0 = Release|Win32
		{EDAC8B61-46EB-46FC-BE16-F46DC5640696}.JSBSimRelease|Any CPU.ActiveCfg = JSBSimRelease|x64
		{EDAC8B61-46EB-46FC-BE16-F46DC5640696}.JSBSimRelease|Any CPU.Build.0 = JSBSimRelease|x64
		{EDAC8B61-46EB-46FC-BE16-F46DC5640696}.JSBSimRelease|Itanium.ActiveCfg = JSBSimRelease|x64
		{EDAC8B61-46EB-46FC-BE16-F46DC5640696}.JSBSimRelease|Itanium.Build.0 = JSBSimRelease|x64
		{EDAC8B61-46EB-46FC-BE16-F46DC5640696}.JSBSimRelease|x64.ActiveCfg = JSBSimRelease|x64
		{EDAC8B61-46EB-46FC-BE16-F46DC5640696}.JSBSimRelease|x64.Build.0 = JSBSimRelease|x64
		{EDAC8B61-46EB-46FC-BE16-F46DC5640696}.JSBSimRelease|x86.ActiveCfg = JSBSimRelease|Win32
		{EDAC8B61-46EB-46FC-BE16-F46DC5640696}.JSBSimRelease|x86.Build.0 = JSBSimRelease|Win32
		{EDAC8B61-46EB-46FC-BE16-F46DC5640696}.Release|Any CPU.ActiveCfg = Release|Win32
		{EDAC8B61-46EB-46FC-BE16-F46DC5640696}.Release|Itanium.ActiveCfg = Release|Win32
		{EDAC8B61-46EB-46FC-BE16-F46DC5640696}.Release|x64.ActiveCfg = Release|x64
		{EDAC8B61-46EB-46FC-BE16-F46DC5640696}.Release|x64.Build.0 = Release|x64
		{EDAC8B61-46EB-46FC-BE16-F46DC5640696}.Release|x86.ActiveCfg = Release|Win32
		{EDAC8B61-46EB-46FC-BE16-F46DC5640696}.Release|x86.Build.0 = Release|Win32
		{30A7F19A-ED9B-4E78-99E7-C40FB579973A}.Debug|Any CPU.ActiveCfg = Debug|Win32
		{30A7F19A-ED9B-4E78-99E7-C40FB579973A}.Debug|Itanium.ActiveCfg = Debug|Win32
		{30A7F19A-ED9B-4E78-99E7-C40FB579973A}.Debug|x64.ActiveCfg = Debug|x64
		{30A7F19A-ED9B-4E78-99E7-C40FB579973A}.Debug|x64.Build.0 = Debug|x64
		{30A7F19A-ED9B-4E78-99E7-C40FB579973A}.Debug|x86.ActiveCfg = Debug|Win32
		{30A7F19A-ED9B-4E78-99E7-C40FB579973A}.Debug|x86.Build.0 = Debug|Win32
		{30A7F19A-ED9B-4E78-99E7-C40FB579973A}.JSBSim64|Any CPU.ActiveCfg = Release|x64
		{30A7F19A-ED9B-4E78-99E7-C40FB579973A}.JSBSim64|Any CPU.Build.0 = Release|x64
		{30A7F19A-ED9B-4E78-99E7-C40FB579973A}.JSBSim64|Itanium.ActiveCfg = Release|x64
		{30A7F19A-ED9B-4E78-99E7-C40FB579973A}.JSBSim64|Itanium.Build.0 = Release|x64
		{30A7F19A-ED9B-4E78-99E7-C40FB579973A}.JSBSim64|x64.ActiveCfg = Release|x64
		{30A7F19A-ED9B-4E78-99E7-C40FB579973A}.JSBSim64|x64.Build.0 = Release|x64
		{30A7F19A-ED9B-4E78-99E7-C40FB579973A}.JSBSim64|x86.ActiveCfg = Release|Win32
		{30A7F19A-ED9B-4E78-99E7-C40FB579973A}.JSBSim64|x86.Build.0 = Release|Win32
		{30A7F19A-ED9B-4E78-99E7-C40FB579973A}.JSBSimRelease|Any CPU.ActiveCfg = JSBSimRelease|x64
		{30A7F19A-ED9B-4E78-99E7-C40FB579973A}.JSBSimRelease|Any CPU.Build.0 = JSBSimRelease|x64
		{30A7F19A-ED9B-4E78-99E7-C40FB579973A}.JSBSimRelease|Itanium.ActiveCfg = JSBSimRelease|x64
		{30A7F19A-ED9B-4E78-99E7-C40FB579973A}.JSBSimRelease|Itanium.Build.0 = JSBSimRelease|x64
		{30A7F19A-ED9B-4E78-99E7-C40FB579973A}.JSBSimRelease|x64.ActiveCfg = JSBSimRelease|x64
		{30A7F19A-ED9B-4E78-99E7-C40FB579973A}.JSBSimRelease|x64.Build.0 = JSBSimRelease|x64
		{30A7F19A-ED9B-4E78-99E7-C40FB579973A}.JSBSimRelease|x86.ActiveCfg = JSBSimRelease|Win32
		{30A7F19A-ED9B-4E78-99E7-C40FB579973A}.JSBSimRelease|x86.Build.0 = JSBSimRelease|Win32
		{30A7F19A-ED9B-4E78-99E7-C40FB579973A}.Release|Any CPU.ActiveCfg = Release|Win32
		{30A7F19A-ED9B-4E78-99E7-C40FB579973A}.Release|Itanium.ActiveCfg = Release|Win32
		{30A7F19A-ED9B-4E78-99E7-C40FB579973A}.Release|x64.ActiveCfg = Release|x64
		{30A7F19A-ED9B-4E78-99E7-C40FB579973A}.Release|x64.Build.0 = Release|x64
		{30A7F19A-ED9B-4E78-99E7-C40FB579973A}.Release|x86.ActiveCfg = Release|Win32
		{30A7F19A-ED9B-4E78-99E7-C40FB579973A}.Release|x86.Build.0 = Release|Win32
	EndGlobalSection
	GlobalSection(SolutionProperties) = preSolution
		HideSolutionNode = FALSE
	EndGlobalSection
	GlobalSection(NestedProjects) = preSolution
		{4FA213E3-39FE-35E9-BD13-6A83EB148282} = {9A1B2C3D-4E5F-4A6B-8C7D-000000000099}
		{AAC7E8A6-7892-3098-8B98-F91FF671E802} = {9A1B2C3D-4E5F-4A6B-8C7D-000000000099}
		{78A4E9E4-7C75-3D6F-AEFB-69B90DFC6803} = {9A1B2C3D-4E5F-4A6B-8C7D-000000000099}
		{E9753183-371B-33C7-8062-855C58E3D73B} = {9A1B2C3D-4E5F-4A6B-8C7D-000000000099}
		{A2357AC1-2917-3366-9206-F95200281ED5} = {9A1B2C3D-4E5F-4A6B-8C7D-000000000099}
		{E9F4631E-97DC-3E77-AAF1-B4F681BFA53E} = {9A1B2C3D-4E5F-4A6B-8C7D-000000000099}
		{E141C9DB-5DE2-3AA5-9BB8-6A0B3071B642} = {9A1B2C3D-4E5F-4A6B-8C7D-000000000099}
		{A943DF7B-16A6-36CB-8457-0257D009E3D6} = {9A1B2C3D-4E5F-4A6B-8C7D-000000000099}
		{3B9114FB-3F8D-3D79-8A78-843C1DCD5194} = {9A1B2C3D-4E5F-4A6B-8C7D-000000000099}
		{0BD4EDE5-1303-3712-93DE-E28E5AED70BB} = {9A1B2C3D-4E5F-4A6B-8C7D-000000000099}
		{93670A9E-EBFB-34FE-82F4-3E554871D47A} = {9A1B2C3D-4E5F-4A6B-8C7D-000000000099}
		{0D9DB49D-89F4-3953-A40B-FB24F16CA198} = {9A1B2C3D-4E5F-4A6B-8C7D-000000000099}
		{91BC429A-C96C-38BA-9442-10F3AFB10B63} = {9A1B2C3D-4E5F-4A6B-8C7D-000000000099}
		{A94A660B-39EA-3DC8-A78D-CB722679F99E} = {9A1B2C3D-4E5F-4A6B-8C7D-000000000099}
	EndGlobalSection
	GlobalSection(ExtensibilityGlobals) = postSolution
		SolutionGuid = {5800088A-D7DB-4A33-8015-E0B149F41216}
	EndGlobalSection
EndGlobal
