
Microsoft Visual Studio Solution File, Format Version 12.00
# Visual Studio Version 17
VisualStudioVersion = 17.7.34018.315
MinimumVisualStudioVersion = 10.0.40219.1
Project("{8BC9CEB8-8B4A-11D0-8D11-00A0C91BC942}") = "JSBSim", "JSBSim\JSBSim.vcxproj", "{AF971B4F-3D53-4655-8A03-97E8054DC58B}"
EndProject
Project("{FAE04EC0-301F-11D3-BF4B-00C04F79EFBC}") = "Symon", "Symon\Symon.csproj", "{100503D3-3533-43D4-A9FC-5E44049E4652}"
EndProject
Project("{8BC9CEB8-8B4A-11D0-8D11-00A0C91BC942}") = "TestPlane", "TestPlane\TestPlane.vcxproj", "{EDAC8B61-46EB-46FC-BE16-F46DC5640696}"
EndProject
Project("{8BC9CEB8-8B4A-11D0-8D11-00A0C91BC942}") = "acEFM", "flyt-EFM-dcsJSBSim\flyt-EFM-dcsJSBSim.vcxproj", "{30A7F19A-ED9B-4E78-99E7-C40FB579973A}"
EndProject
Global
	GlobalSection(SolutionConfigurationPlatforms) = preSolution
		Debug|Any CPU = Debug|Any CPU
		Debug|Itanium = Debug|Itanium
		Debug|x64 = Debug|x64
		Debug|x86 = Debug|x86
		JSBSim64|Any CPU = JSBSim64|Any CPU
		JSBSim64|Itanium = JSBSim64|Itanium
		JSBSim64|x64 = JSBSim64|x64
		JSBSim64|x86 = JSBSim64|x86
		Release|Any CPU = Release|Any CPU
		Release|Itanium = Release|Itanium
		Release|x64 = Release|x64
		Release|x86 = Release|x86
	EndGlobalSection
	GlobalSection(ProjectConfigurationPlatforms) = postSolution
		{AF971B4F-3D53-4655-8A03-97E8054DC58B}.Debug|Any CPU.ActiveCfg = Debug|Win32
		{AF971B4F-3D53-4655-8A03-97E8054DC58B}.Debug|Itanium.ActiveCfg = Debug|Itanium
		{AF971B4F-3D53-4655-8A03-97E8054DC58B}.Debug|Itanium.Build.0 = Debug|Itanium
		{AF971B4F-3D53-4655-8A03-97E8054DC58B}.Debug|x64.ActiveCfg = Debug|x64
		{AF971B4F-3D53-4655-8A03-97E8054DC58B}.Debug|x64.Build.0 = Debug|x64
		{AF971B4F-3D53-4655-8A03-97E8054DC58B}.Debug|x86.ActiveCfg = Debug|Win32
		{AF971B4F-3D53-4655-8A03-97E8054DC58B}.Debug|x86.Build.0 = Debug|Win32
		{AF971B4F-3D53-4655-8A03-97E8054DC58B}.JSBSim64|Any CPU.ActiveCfg = JSBSim64|Win32
		{AF971B4F-3D53-4655-8A03-97E8054DC58B}.JSBSim64|Itanium.ActiveCfg = JSBSim64|Itanium
		{AF971B4F-3D53-4655-8A03-97E8054DC58B}.JSBSim64|Itanium.Build.0 = JSBSim64|Itanium
		{AF971B4F-3D53-4655-8A03-97E8054DC58B}.JSBSim64|x64.ActiveCfg = Release|x64
		{AF971B4F-3D53-4655-8A03-97E8054DC58B}.JSBSim64|x64.Build.0 = Release|x64
		{AF971B4F-3D53-4655-8A03-97E8054DC58B}.JSBSim64|x86.ActiveCfg = JSBSim64|Win32
		{AF971B4F-3D53-4655-8A03-97E8054DC58B}.JSBSim64|x86.Build.0 = JSBSim64|Win32
		{AF971B4F-3D53-4655-8A03-97E8054DC58B}.Release|Any CPU.ActiveCfg = Release|Win32
		{AF971B4F-3D53-4655-8A03-97E8054DC58B}.Release|Itanium.ActiveCfg = Release|Itanium
		{AF971B4F-3D53-4655-8A03-97E8054DC58B}.Release|Itanium.Build.0 = Release|Itanium
		{AF971B4F-3D53-4655-8A03-97E8054DC58B}.Release|x64.ActiveCfg = Release|x64
		{AF971B4F-3D53-4655-8A03-97E8054DC58B}.Release|x64.Build.0 = Release|x64
		{AF971B4F-3D53-4655-8A03-97E8054DC58B}.Release|x86.ActiveCfg = Release|Win32
		{AF971B4F-3D53-4655-8A03-97E8054DC58B}.Release|x86.Build.0 = Release|Win32
		{100503D3-3533-43D4-A9FC-5E44049E4652}.Debug|Any CPU.ActiveCfg = Debug|Any CPU
		{100503D3-3533-43D4-A9FC-5E44049E4652}.Debug|Any CPU.Build.0 = Debug|Any CPU
		{100503D3-3533-43D4-A9FC-5E44049E4652}.Debug|Itanium.ActiveCfg = Debug|Any CPU
		{100503D3-3533-43D4-A9FC-5E44049E4652}.Debug|Itanium.Build.0 = Debug|Any CPU
		{100503D3-3533-43D4-A9FC-5E44049E4652}.Debug|x64.ActiveCfg = Debug|Any CPU
		{100503D3-3533-43D4-A9FC-5E44049E4652}.Debug|x64.Build.0 = Debug|Any CPU
		{100503D3-3533-43D4-A9FC-5E44049E4652}.Debug|x86.ActiveCfg = Debug|Any CPU
		{100503D3-3533-43D4-A9FC-5E44049E4652}.Debug|x86.Build.0 = Debug|Any CPU
		{100503D3-3533-43D4-A9FC-5E44049E4652}.JSBSim64|Any CPU.ActiveCfg = Release|Any CPU
		{100503D3-3533-43D4-A9FC-5E44049E4652}.JSBSim64|Any CPU.Build.0 = Release|Any CPU
		{100503D3-3533-43D4-A9FC-5E44049E4652}.JSBSim64|Itanium.ActiveCfg = Release|Any CPU
		{100503D3-3533-43D4-A9FC-5E44049E4652}.JSBSim64|Itanium.Build.0 = Release|Any CPU
		{100503D3-3533-43D4-A9FC-5E44049E4652}.JSBSim64|x64.ActiveCfg = Release|Any CPU
		{100503D3-3533-43D4-A9FC-5E44049E4652}.JSBSim64|x64.Build.0 = Release|Any CPU
		{100503D3-3533-43D4-A9FC-5E44049E4652}.JSBSim64|x86.ActiveCfg = Release|Any CPU
		{100503D3-3533-43D4-A9FC-5E44049E4652}.JSBSim64|x86.Build.0 = Release|Any CPU
		{100503D3-3533-43D4-A9FC-5E44049E4652}.Release|Any CPU.ActiveCfg = Release|Any CPU
		{100503D3-3533-43D4-A9FC-5E44049E4652}.Release|Any CPU.Build.0 = Release|Any CPU
		{100503D3-3533-43D4-A9FC-5E44049E4652}.Release|Itanium.ActiveCfg = Release|Any CPU
		{100503D3-3533-43D4-A9FC-5E44049E4652}.Release|Itanium.Build.0 = Release|Any CPU
		{100503D3-3533-43D4-A9FC-5E44049E4652}.Release|x64.ActiveCfg = Release|Any CPU
		{100503D3-3533-43D4-A9FC-5E44049E4652}.Release|x64.Build.0 = Release|Any CPU
		{100503D3-3533-43D4-A9FC-5E44049E4652}.Release|x86.ActiveCfg = Release|Any CPU
		{100503D3-3533-43D4-A9FC-5E44049E4652}.Release|x86.Build.0 = Release|Any CPU
		{EDAC8B61-46EB-46FC-BE16-F46DC5640696}.Debug|Any CPU.ActiveCfg = Debug|Win32
		{EDAC8B61-46EB-46FC-BE16-F46DC5640696}.Debug|Itanium.ActiveCfg = Debug|Win32
		{EDAC8B61-46EB-46FC-BE16-F46DC5640696}.Debug|x64.ActiveCfg = Debug|x64
		{EDAC8B61-46EB-46FC-BE16-F46DC5640696}.Debug|x64.Build.0 = Debug|x64
		{EDAC8B61-46EB-46FC-BE16-F46DC5640696}.Debug|x86.ActiveCfg = Debug|Win32
		{EDAC8B61-46EB-46FC-BE16-F46DC5640696}.Debug|x86.Build.0 = Debug|Win32
		{EDAC8B61-46EB-46FC-BE16-F46DC5640696}.JSBSim64|Any CPU.ActiveCfg = Release|x64
		{EDAC8B61-46EB-46FC-BE16-F46DC5640696}.JSBSim64|Any CPU.Build.0 = Release|x64
		{EDAC8B61-46EB-46FC-BE16-F46DC5640696}.JSBSim64|Itanium.ActiveCfg = Release|x64
		{EDAC8B61-46EB-46FC-BE16-F46DC5640696}.JSBSim64|Itanium.Build.0 = Release|x64
		{EDAC8B61-46EB-46FC-BE16-F46DC5640696}.JSBSim64|x64.ActiveCfg = Release|x64
		{EDAC8B61-46EB-46FC-BE16-F46DC5640696}.JSBSim64|x64.Build.0 = Release|x64
		{EDAC8B61-46EB-46FC-BE16-F46DC5640696}.JSBSim64|x86.ActiveCfg = Release|Win32
		{EDAC8B61-46EB-46FC-BE16-F46DC5640696}.JSBSim64|x86.Build.0 = Release|Win32
		{EDAC8B61-46EB-46FC-BE16-F46DC5640696}.Release|Any CPU.ActiveCfg = Release|Win32
		{EDAC8B61-46EB-46FC-BE16-F46DC5640696}.Release|Itanium.ActiveCfg = Release|Win32
		{EDAC8B61-46EB-46FC-BE16-F46DC5640696}.Release|x64.ActiveCfg = Release|x64
		{EDAC8B61-46EB-46FC-BE16-F46DC5640696}.Release|x64.Build.0 = Release|x64
		{EDAC8B61-46EB-46FC-BE16-F46DC5640696}.Release|x86.ActiveCfg = Release|Win32
		{EDAC8B61-46EB-46FC-BE16-F46DC5640696}.Release|x86.Build.0 = Release|Win32
		{30A7F19A-ED9B-4E78-99E7-C40FB579973A}.Debug|Any CPU.ActiveCfg = Debug|Win32
		{30A7F19A-ED9B-4E78-99E7-C40FB579973A}.Debug|Itanium.ActiveCfg = Debug|Win32
		{30A7F19A-ED9B-4E78-99E7-C40FB579973A}.Debug|x64.ActiveCfg = Debug|x64
		{30A7F19A-ED9B-4E78-99E7-C40FB579973A}.Debug|x64.Build.0 = Debug|x64
		{30A7F19A-ED9B-4E78-99E7-C40FB579973A}.Debug|x86.ActiveCfg = Debug|Win32
		{30A7F19A-ED9B-4E78-99E7-C40FB579973A}.Debug|x86.Build.0 = Debug|Win32
		{30A7F19A-ED9B-4E78-99E7-C40FB579973A}.JSBSim64|Any CPU.ActiveCfg = Release|x64
		{30A7F19A-ED9B-4E78-99E7-C40FB579973A}.JSBSim64|Any CPU.Build.0 = Release|x64
		{30A7F19A-ED9B-4E78-99E7-C40FB579973A}.JSBSim64|Itanium.ActiveCfg = Release|x64
		{30A7F19A-ED9B-4E78-99E7-C40FB579973A}.JSBSim64|Itanium.Build.0 = Release|x64
		{30A7F19A-ED9B-4E78-99E7-C40FB579973A}.JSBSim64|x64.ActiveCfg = Release|x64
		{30A7F19A-ED9B-4E78-99E7-C40FB579973A}.JSBSim64|x64.Build.0 = Release|x64
		{30A7F19A-ED9B-4E78-99E7-C40FB579973A}.JSBSim64|x86.ActiveCfg = Release|Win32
		{30A7F19A-ED9B-4E78-99E7-C40FB579973A}.JSBSim64|x86.Build.0 = Release|Win32
		{30A7F19A-ED9B-4E78-99E7-C40FB579973A}.Release|Any CPU.ActiveCfg = Release|Win32
		{30A7F19A-ED9B-4E78-99E7-C40FB579973A}.Release|Itanium.ActiveCfg = Release|Win32
		{30A7F19A-ED9B-4E78-99E7-C40FB579973A}.Release|x64.ActiveCfg = Release|x64
		{30A7F19A-ED9B-4E78-99E7-C40FB579973A}.Release|x64.Build.0 = Release|x64
		{30A7F19A-ED9B-4E78-99E7-C40FB579973A}.Release|x86.ActiveCfg = Release|Win32
		{30A7F19A-ED9B-4E78-99E7-C40FB579973A}.Release|x86.Build.0 = Release|Win32
	EndGlobalSection
	GlobalSection(SolutionProperties) = preSolution
		HideSolutionNode = FALSE
	EndGlobalSection
	GlobalSection(ExtensibilityGlobals) = postSolution
		SolutionGuid = {5800088A-D7DB-4A33-8015-E0B149F41216}
	EndGlobalSection
EndGlobal
